// !$*UTF8*$!
{
	archiveVersion = 1;
	classes = {
	};
	objectVersion = 48;
	objects = {

/* Begin PBXBuildFile section */
		C3D95EA420144645008B18A7 /* AppDelegate.m in Sources */ = {isa = PBXBuildFile; fileRef = C3D95EA320144645008B18A7 /* AppDelegate.m */; };
		C3D95EA720144645008B18A7 /* ViewController.m in Sources */ = {isa = PBXBuildFile; fileRef = C3D95EA620144645008B18A7 /* ViewController.m */; };
		C3D95EAA20144645008B18A7 /* Main.storyboard in Resources */ = {isa = PBXBuildFile; fileRef = C3D95EA820144645008B18A7 /* Main.storyboard */; };
		C3D95EAC20144645008B18A7 /* Assets.xcassets in Resources */ = {isa = PBXBuildFile; fileRef = C3D95EAB20144645008B18A7 /* Assets.xcassets */; };
		C3D95EAF20144645008B18A7 /* LaunchScreen.storyboard in Resources */ = {isa = PBXBuildFile; fileRef = C3D95EAD20144645008B18A7 /* LaunchScreen.storyboard */; };
		C3D95EB220144645008B18A7 /* main.m in Sources */ = {isa = PBXBuildFile; fileRef = C3D95EB120144645008B18A7 /* main.m */; };
		C3D95EBA20144693008B18A7 /* XLVideoPlayer.m in Sources */ = {isa = PBXBuildFile; fileRef = C3D95EB920144693008B18A7 /* XLVideoPlayer.m */; };
		C3D95EBD2014471C008B18A7 /* XLMaskView.m in Sources */ = {isa = PBXBuildFile; fileRef = C3D95EBC2014471C008B18A7 /* XLMaskView.m */; };
		C3D95EBF2014472F008B18A7 /* XLMaskView.xib in Resources */ = {isa = PBXBuildFile; fileRef = C3D95EBE2014472F008B18A7 /* XLMaskView.xib */; };
/* End PBXBuildFile section */

/* Begin PBXFileReference section */
		C3D95E9F20144645008B18A7 /* VideoPlayerDemo.app */ = {isa = PBXFileReference; explicitFileType = wrapper.application; includeInIndex = 0; path = VideoPlayerDemo.app; sourceTree = BUILT_PRODUCTS_DIR; };
		C3D95EA220144645008B18A7 /* AppDelegate.h */ = {isa = PBXFileReference; lastKnownFileType = sourcecode.c.h; path = AppDelegate.h; sourceTree = "<group>"; };
		C3D95EA320144645008B18A7 /* AppDelegate.m */ = {isa = PBXFileReference; lastKnownFileType = sourcecode.c.objc; path = AppDelegate.m; sourceTree = "<group>"; };
		C3D95EA520144645008B18A7 /* ViewController.h */ = {isa = PBXFileReference; lastKnownFileType = sourcecode.c.h; path = ViewController.h; sourceTree = "<group>"; };
		C3D95EA620144645008B18A7 /* ViewController.m */ = {isa = PBXFileReference; lastKnownFileType = sourcecode.c.objc; path = ViewController.m; sourceTree = "<group>"; };
		C3D95EA920144645008B18A7 /* Base */ = {isa = PBXFileReference; lastKnownFileType = file.storyboard; name = Base; path = Base.lproj/Main.storyboard; sourceTree = "<group>"; };
		C3D95EAB20144645008B18A7 /* Assets.xcassets */ = {isa = PBXFileReference; lastKnownFileType = folder.assetcatalog; path = Assets.xcassets; sourceTree = "<group>"; };
		C3D95EAE20144645008B18A7 /* Base */ = {isa = PBXFileReference; lastKnownFileType = file.storyboard; name = Base; path = Base.lproj/LaunchScreen.storyboard; sourceTree = "<group>"; };
		C3D95EB020144645008B18A7 /* Info.plist */ = {isa = PBXFileReference; lastKnownFileType = text.plist.xml; path = Info.plist; sourceTree = "<group>"; };
		C3D95EB120144645008B18A7 /* main.m */ = {isa = PBXFileReference; lastKnownFileType = sourcecode.c.objc; path = main.m; sourceTree = "<group>"; };
		C3D95EB820144693008B18A7 /* XLVideoPlayer.h */ = {isa = PBXFileReference; lastKnownFileType = sourcecode.c.h; path = XLVideoPlayer.h; sourceTree = "<group>"; };
		C3D95EB920144693008B18A7 /* XLVideoPlayer.m */ = {isa = PBXFileReference; lastKnownFileType = sourcecode.c.objc; path = XLVideoPlayer.m; sourceTree = "<group>"; };
		C3D95EBB2014471C008B18A7 /* XLMaskView.h */ = {isa = PBXFileReference; lastKnownFileType = sourcecode.c.h; path = XLMaskView.h; sourceTree = "<group>"; };
		C3D95EBC2014471C008B18A7 /* XLMaskView.m */ = {isa = PBXFileReference; lastKnownFileType = sourcecode.c.objc; path = XLMaskView.m; sourceTree = "<group>"; };
		C3D95EBE2014472F008B18A7 /* XLMaskView.xib */ = {isa = PBXFileReference; lastKnownFileType = file.xib; path = XLMaskView.xib; sourceTree = "<group>"; };
/* End PBXFileReference section */

/* Begin PBXFrameworksBuildPhase section */
		C3D95E9C20144645008B18A7 /* Frameworks */ = {
			isa = PBXFrameworksBuildPhase;
			buildActionMask = 2147483647;
			files = (
			);
			runOnlyForDeploymentPostprocessing = 0;
		};
/* End PBXFrameworksBuildPhase section */

/* Begin PBXGroup section */
		C3D95E9620144645008B18A7 = {
			isa = PBXGroup;
			children = (
				C3D95EA120144645008B18A7 /* VideoPlayerDemo */,
				C3D95EA020144645008B18A7 /* Products */,
			);
			sourceTree = "<group>";
		};
		C3D95EA020144645008B18A7 /* Products */ = {
			isa = PBXGroup;
			children = (
				C3D95E9F20144645008B18A7 /* VideoPlayerDemo.app */,
			);
			name = Products;
			sourceTree = "<group>";
		};
		C3D95EA120144645008B18A7 /* VideoPlayerDemo */ = {
			isa = PBXGroup;
			children = (
				C3D95EA220144645008B18A7 /* AppDelegate.h */,
				C3D95EA320144645008B18A7 /* AppDelegate.m */,
				C3D95EB820144693008B18A7 /* XLVideoPlayer.h */,
				C3D95EB920144693008B18A7 /* XLVideoPlayer.m */,
				C3D95EBB2014471C008B18A7 /* XLMaskView.h */,
				C3D95EBC2014471C008B18A7 /* XLMaskView.m */,
				C3D95EBE2014472F008B18A7 /* XLMaskView.xib */,
				C3D95EA520144645008B18A7 /* ViewController.h */,
				C3D95EA620144645008B18A7 /* ViewController.m */,
				C3D95EA820144645008B18A7 /* Main.storyboard */,
				C3D95EAB20144645008B18A7 /* Assets.xcassets */,
				C3D95EAD20144645008B18A7 /* LaunchScreen.storyboard */,
				C3D95EB020144645008B18A7 /* Info.plist */,
				C3D95EB120144645008B18A7 /* main.m */,
			);
			path = VideoPlayerDemo;
			sourceTree = "<group>";
		};
/* End PBXGroup section */

/* Begin PBXNativeTarget section */
		C3D95E9E20144645008B18A7 /* VideoPlayerDemo */ = {
			isa = PBXNativeTarget;
			buildConfigurationList = C3D95EB520144645008B18A7 /* Build configuration list for PBXNativeTarget "VideoPlayerDemo" */;
			buildPhases = (
				C3D95E9B20144645008B18A7 /* Sources */,
				C3D95E9C20144645008B18A7 /* Frameworks */,
				C3D95E9D20144645008B18A7 /* Resources */,
			);
			buildRules = (
			);
			dependencies = (
			);
			name = VideoPlayerDemo;
			productName = VideoPlayerDemo;
			productReference = C3D95E9F20144645008B18A7 /* VideoPlayerDemo.app */;
			productType = "com.apple.product-type.application";
		};
/* End PBXNativeTarget section */

/* Begin PBXProject section */
		C3D95E9720144645008B18A7 /* Project object */ = {
			isa = PBXProject;
			attributes = {
				LastUpgradeCheck = 0920;
				ORGANIZATIONNAME = wxLian;
				TargetAttributes = {
					C3D95E9E20144645008B18A7 = {
						CreatedOnToolsVersion = 9.2;
						ProvisioningStyle = Automatic;
					};
				};
			};
			buildConfigurationList = C3D95E9A20144645008B18A7 /* Build configuration list for PBXProject "VideoPlayerDemo" */;
			compatibilityVersion = "Xcode 8.0";
			developmentRegion = en;
			hasScannedForEncodings = 0;
			knownRegions = (
				en,
				Base,
			);
			mainGroup = C3D95E9620144645008B18A7;
			productRefGroup = C3D95EA020144645008B18A7 /* Products */;
			projectDirPath = "";
			projectRoot = "";
			targets = (
				C3D95E9E20144645008B18A7 /* VideoPlayerDemo */,
			);
		};
/* End PBXProject section */

/* Begin PBXResourcesBuildPhase section */
		C3D95E9D20144645008B18A7 /* Resources */ = {
			isa = PBXResourcesBuildPhase;
			buildActionMask = 2147483647;
			files = (
				C3D95EAF20144645008B18A7 /* LaunchScreen.storyboard in Resources */,
				C3D95EAC20144645008B18A7 /* Assets.xcassets in Resources */,
				C3D95EBF2014472F008B18A7 /* XLMaskView.xib in Resources */,
				C3D95EAA20144645008B18A7 /* Main.storyboard in Resources */,
			);
			runOnlyForDeploymentPostprocessing = 0;
		};
/* End PBXResourcesBuildPhase section */

/* Begin PBXSourcesBuildPhase section */
		C3D95E9B20144645008B18A7 /* Sources */ = {
			isa = PBXSourcesBuildPhase;
			buildActionMask = 2147483647;
			files = (
				C3D95EA720144645008B18A7 /* ViewController.m in Sources */,
				C3D95EBD2014471C008B18A7 /* XLMaskView.m in Sources */,
				C3D95EB220144645008B18A7 /* main.m in Sources */,
				C3D95EBA20144693008B18A7 /* XLVideoPlayer.m in Sources */,
				C3D95EA420144645008B18A7 /* AppDelegate.m in Sources */,
			);
			runOnlyForDeploymentPostprocessing = 0;
		};
/* End PBXSourcesBuildPhase section */

/* Begin PBXVariantGroup section */
		C3D95EA820144645008B18A7 /* Main.storyboard */ = {
			isa = PBXVariantGroup;
			children = (
				C3D95EA920144645008B18A7 /* Base */,
			);
			name = Main.storyboard;
			sourceTree = "<group>";
		};
		C3D95EAD20144645008B18A7 /* LaunchScreen.storyboard */ = {
			isa = PBXVariantGroup;
			children = (
				C3D95EAE20144645008B18A7 /* Base */,
			);
			name = LaunchScreen.storyboard;
			sourceTree = "<group>";
		};
/* End PBXVariantGroup section */

/* Begin XCBuildConfiguration section */
		C3D95EB320144645008B18A7 /* Debug */ = {
			isa = XCBuildConfiguration;
			buildSettings = {
				ALWAYS_SEARCH_USER_PATHS = NO;
				CLANG_ANALYZER_NONNULL = YES;
				CLANG_ANALYZER_NUMBER_OBJECT_CONVERSION = YES_AGGRESSIVE;
				CLANG_CXX_LANGUAGE_STANDARD = "gnu++14";
				CLANG_CXX_LIBRARY = "libc++";
				CLANG_ENABLE_MODULES = YES;
				CLANG_ENABLE_OBJC_ARC = YES;
				CLANG_WARN_BLOCK_CAPTURE_AUTORELEASING = YES;
				CLANG_WARN_BOOL_CONVERSION = YES;
				CLANG_WARN_COMMA = YES;
				CLANG_WARN_CONSTANT_CONVERSION = YES;
				CLANG_WARN_DIRECT_OBJC_ISA_USAGE = YES_ERROR;
				CLANG_WARN_DOCUMENTATION_COMMENTS = YES;
				CLANG_WARN_EMPTY_BODY = YES;
				CLANG_WARN_ENUM_CONVERSION = YES;
				CLANG_WARN_INFINITE_RECURSION = YES;
				CLANG_WARN_INT_CONVERSION = YES;
				CLANG_WARN_NON_LITERAL_NULL_CONVERSION = YES;
				CLANG_WARN_OBJC_LITERAL_CONVERSION = YES;
				CLANG_WARN_OBJC_ROOT_CLASS = YES_ERROR;
				CLANG_WARN_RANGE_LOOP_ANALYSIS = YES;
				CLANG_WARN_STRICT_PROTOTYPES = YES;
				CLANG_WARN_SUSPICIOUS_MOVE = YES;
				CLANG_WARN_UNGUARDED_AVAILABILITY = YES_AGGRESSIVE;
				CLANG_WARN_UNREACHABLE_CODE = YES;
				CLANG_WARN__DUPLICATE_METHOD_MATCH = YES;
				CODE_SIGN_IDENTITY = "iPhone Developer";
				COPY_PHASE_STRIP = NO;
				DEBUG_INFORMATION_FORMAT = dwarf;
				ENABLE_STRICT_OBJC_MSGSEND = YES;
				ENABLE_TESTABILITY = YES;
				GCC_C_LANGUAGE_STANDARD = gnu11;
				GCC_DYNAMIC_NO_PIC = NO;
				GCC_NO_COMMON_BLOCKS = YES;
				GCC_OPTIMIZATION_LEVEL = 0;
				GCC_PREPROCESSOR_DEFINITIONS = (
					"DEBUG=1",
					"$(inherited)",
				);
				GCC_WARN_64_TO_32_BIT_CONVERSION = YES;
				GCC_WARN_ABOUT_RETURN_TYPE = YES_ERROR;
				GCC_WARN_UNDECLARED_SELECTOR = YES;
				GCC_WARN_UNINITIALIZED_AUTOS = YES_AGGRESSIVE;
				GCC_WARN_UNUSED_FUNCTION = YES;
				GCC_WARN_UNUSED_VARIABLE = YES;
				IPHONEOS_DEPLOYMENT_TARGET = 11.2;
				MTL_ENABLE_DEBUG_INFO = YES;
				ONLY_ACTIVE_ARCH = YES;
				SDKROOT = iphoneos;
			};
			name = Debug;
		};
		C3D95EB420144645008B18A7 /* Release */ = {
			isa = XCBuildConfiguration;
			buildSettings = {
				ALWAYS_SEARCH_USER_PATHS = NO;
				CLANG_ANALYZER_NONNULL = YES;
				CLANG_ANALYZER_NUMBER_OBJECT_CONVERSION = YES_AGGRESSIVE;
				CLANG_CXX_LANGUAGE_STANDARD = "gnu++14";
				CLANG_CXX_LIBRARY = "libc++";
				CLANG_ENABLE_MODULES = YES;
				CLANG_ENABLE_OBJC_ARC = YES;
				CLANG_WARN_BLOCK_CAPTURE_AUTORELEASING = YES;
				CLANG_WARN_BOOL_CONVERSION = YES;
				CLANG_WARN_COMMA = YES;
				CLANG_WARN_CONSTANT_CONVERSION = YES;
				CLANG_WARN_DIRECT_OBJC_ISA_USAGE = YES_ERROR;
				CLANG_WARN_DOCUMENTATION_COMMENTS = YES;
				CLANG_WARN_EMPTY_BODY = YES;
				CLANG_WARN_ENUM_CONVERSION = YES;
				CLANG_WARN_INFINITE_RECURSION = YES;
				CLANG_WARN_INT_CONVERSION = YES;
				CLANG_WARN_NON_LITERAL_NULL_CONVERSION = YES;
				CLANG_WARN_OBJC_LITERAL_CONVERSION = YES;
				CLANG_WARN_OBJC_ROOT_CLASS = YES_ERROR;
				CLANG_WARN_RANGE_LOOP_ANALYSIS = YES;
				CLANG_WARN_STRICT_PROTOTYPES = YES;
				CLANG_WARN_SUSPICIOUS_MOVE = YES;
				CLANG_WARN_UNGUARDED_AVAILABILITY = YES_AGGRESSIVE;
				CLANG_WARN_UNREACHABLE_CODE = YES;
				CLANG_WARN__DUPLICATE_METHOD_MATCH = YES;
				CODE_SIGN_IDENTITY = "iPhone Developer";
				COPY_PHASE_STRIP = NO;
				DEBUG_INFORMATION_FORMAT = "dwarf-with-dsym";
				ENABLE_NS_ASSERTIONS = NO;
				ENABLE_STRICT_OBJC_MSGSEND = YES;
				GCC_C_LANGUAGE_STANDARD = gnu11;
				GCC_NO_COMMON_BLOCKS = YES;
				GCC_WARN_64_TO_32_BIT_CONVERSION = YES;
				GCC_WARN_ABOUT_RETURN_TYPE = YES_ERROR;
				GCC_WARN_UNDECLARED_SELECTOR = YES;
				GCC_WARN_UNINITIALIZED_AUTOS = YES_AGGRESSIVE;
				GCC_WARN_UNUSED_FUNCTION = YES;
				GCC_WARN_UNUSED_VARIABLE = YES;
				IPHONEOS_DEPLOYMENT_TARGET = 11.2;
				MTL_ENABLE_DEBUG_INFO = NO;
				SDKROOT = iphoneos;
				VALIDATE_PRODUCT = YES;
			};
			name = Release;
		};
		C3D95EB620144645008B18A7 /* Debug */ = {
			isa = XCBuildConfiguration;
			buildSettings = {
				ASSETCATALOG_COMPILER_APPICON_NAME = AppIcon;
				CODE_SIGN_STYLE = Automatic;
				INFOPLIST_FILE = VideoPlayerDemo/Info.plist;
				LD_RUNPATH_SEARCH_PATHS = "$(inherited) @executable_path/Frameworks";
				PRODUCT_BUNDLE_IDENTIFIER = www.wanwan.com.VideoPlayerDemo;
				PRODUCT_NAME = "$(TARGET_NAME)";
				TARGETED_DEVICE_FAMILY = "1,2";
			};
			name = Debug;
		};
		C3D95EB720144645008B18A7 /* Release */ = {
			isa = XCBuildConfiguration;
			buildSettings = {
				ASSETCATALOG_COMPILER_APPICON_NAME = AppIcon;
				CODE_SIGN_STYLE = Automatic;
				INFOPLIST_FILE = VideoPlayerDemo/Info.plist;
				LD_RUNPATH_SEARCH_PATHS = "$(inherited) @executable_path/Frameworks";
				PRODUCT_BUNDLE_IDENTIFIER = www.wanwan.com.VideoPlayerDemo;
				PRODUCT_NAME = "$(TARGET_NAME)";
				TARGETED_DEVICE_FAMILY = "1,2";
			};
			name = Release;
		};
/* End XCBuildConfiguration section */

/* Begin XCConfigurationList section */
		C3D95E9A20144645008B18A7 /* Build configuration list for PBXProject "VideoPlayerDemo" */ = {
			isa = XCConfigurationList;
			buildConfigurations = (
				C3D95EB320144645008B18A7 /* Debug */,
				C3D95EB420144645008B18A7 /* Release */,
			);
			defaultConfigurationIsVisible = 0;
			defaultConfigurationName = Release;
		};
		C3D95EB520144645008B18A7 /* Build configuration list for PBXNativeTarget "VideoPlayerDemo" */ = {
			isa = XCConfigurationList;
			buildConfigurations = (
				C3D95EB620144645008B18A7 /* Debug */,
				C3D95EB720144645008B18A7 /* Release */,
			);
			defaultConfigurationIsVisible = 0;
			defaultConfigurationName = Release;
		};
/* End XCConfigurationList section */
	};
	rootObject = C3D95E9720144645008B18A7 /* Project object */;
}
